// !$*UTF8*$!
{
	archiveVersion = 1;
	classes = {
	};
	objectVersion = 56;
	objects = {

/* Begin PBXBuildFile section */
		E9C3C51D29DAE30100118119 /* AppDelegate.swift in Sources */ = {isa = PBXBuildFile; fileRef = E9C3C51C29DAE30100118119 /* AppDelegate.swift */; };
		E9C3C51F29DAE30100118119 /* SceneDelegate.swift in Sources */ = {isa = PBXBuildFile; fileRef = E9C3C51E29DAE30100118119 /* SceneDelegate.swift */; };
		E9C3C52129DAE30100118119 /* WeatherViewController.swift in Sources */ = {isa = PBXBuildFile; fileRef = E9C3C52029DAE30100118119 /* WeatherViewController.swift */; };
		E9C3C52429DAE30100118119 /* Main.storyboard in Resources */ = {isa = PBXBuildFile; fileRef = E9C3C52229DAE30100118119 /* Main.storyboard */; };
		E9C3C52629DAE30400118119 /* Assets.xcassets in Resources */ = {isa = PBXBuildFile; fileRef = E9C3C52529DAE30400118119 /* Assets.xcassets */; };
		E9C3C52929DAE30400118119 /* LaunchScreen.storyboard in Resources */ = {isa = PBXBuildFile; fileRef = E9C3C52729DAE30400118119 /* LaunchScreen.storyboard */; };
		E9C3C53229DAE6FE00118119 /* Constants.swift in Sources */ = {isa = PBXBuildFile; fileRef = E9C3C53129DAE6FE00118119 /* Constants.swift */; };
		E9C3C53529DAE98700118119 /* Weather.swift in Sources */ = {isa = PBXBuildFile; fileRef = E9C3C53429DAE98700118119 /* Weather.swift */; };
		E9C3C53829DAE9A700118119 /* Weather+Enums.swift in Sources */ = {isa = PBXBuildFile; fileRef = E9C3C53729DAE9A700118119 /* Weather+Enums.swift */; };
		E9C3C53A29DAE9C600118119 /* WeatherRequestManager.swift in Sources */ = {isa = PBXBuildFile; fileRef = E9C3C53929DAE9C600118119 /* WeatherRequestManager.swift */; };
		E9C3C53D29DAE9EE00118119 /* Notification+Extension.swift in Sources */ = {isa = PBXBuildFile; fileRef = E9C3C53C29DAE9EE00118119 /* Notification+Extension.swift */; };
		E9C3C54129DAEC4E00118119 /* LoadingView.swift in Sources */ = {isa = PBXBuildFile; fileRef = E9C3C54029DAEC4E00118119 /* LoadingView.swift */; };
		E9C3C54429DAF00100118119 /* HeaderView.swift in Sources */ = {isa = PBXBuildFile; fileRef = E9C3C54329DAF00100118119 /* HeaderView.swift */; };
/* End PBXBuildFile section */

/* Begin PBXFileReference section */
		E9C3C51929DAE30100118119 /* DemoWeatherApp-Swift.app */ = {isa = PBXFileReference; explicitFileType = wrapper.application; includeInIndex = 0; path = "DemoWeatherApp-Swift.app"; sourceTree = BUILT_PRODUCTS_DIR; };
		E9C3C51C29DAE30100118119 /* AppDelegate.swift */ = {isa = PBXFileReference; lastKnownFileType = sourcecode.swift; path = AppDelegate.swift; sourceTree = "<group>"; };
		E9C3C51E29DAE30100118119 /* SceneDelegate.swift */ = {isa = PBXFileReference; lastKnownFileType = sourcecode.swift; path = SceneDelegate.swift; sourceTree = "<group>"; };
		E9C3C52029DAE30100118119 /* WeatherViewController.swift */ = {isa = PBXFileReference; lastKnownFileType = sourcecode.swift; path = WeatherViewController.swift; sourceTree = "<group>"; };
		E9C3C52329DAE30100118119 /* Base */ = {isa = PBXFileReference; lastKnownFileType = file.storyboard; name = Base; path = Base.lproj/Main.storyboard; sourceTree = "<group>"; };
		E9C3C52529DAE30400118119 /* Assets.xcassets */ = {isa = PBXFileReference; lastKnownFileType = folder.assetcatalog; path = Assets.xcassets; sourceTree = "<group>"; };
		E9C3C52829DAE30400118119 /* Base */ = {isa = PBXFileReference; lastKnownFileType = file.storyboard; name = Base; path = Base.lproj/LaunchScreen.storyboard; sourceTree = "<group>"; };
		E9C3C52A29DAE30400118119 /* Info.plist */ = {isa = PBXFileReference; lastKnownFileType = text.plist.xml; path = Info.plist; sourceTree = "<group>"; };
		E9C3C53129DAE6FE00118119 /* Constants.swift */ = {isa = PBXFileReference; lastKnownFileType = sourcecode.swift; path = Constants.swift; sourceTree = "<group>"; };
		E9C3C53429DAE98700118119 /* Weather.swift */ = {isa = PBXFileReference; lastKnownFileType = sourcecode.swift; path = Weather.swift; sourceTree = "<group>"; };
		E9C3C53729DAE9A700118119 /* Weather+Enums.swift */ = {isa = PBXFileReference; lastKnownFileType = sourcecode.swift; path = "Weather+Enums.swift"; sourceTree = "<group>"; };
		E9C3C53929DAE9C600118119 /* WeatherRequestManager.swift */ = {isa = PBXFileReference; lastKnownFileType = sourcecode.swift; path = WeatherRequestManager.swift; sourceTree = "<group>"; };
		E9C3C53C29DAE9EE00118119 /* Notification+Extension.swift */ = {isa = PBXFileReference; lastKnownFileType = sourcecode.swift; path = "Notification+Extension.swift"; sourceTree = "<group>"; };
		E9C3C54029DAEC4E00118119 /* LoadingView.swift */ = {isa = PBXFileReference; lastKnownFileType = sourcecode.swift; path = LoadingView.swift; sourceTree = "<group>"; };
		E9C3C54329DAF00100118119 /* HeaderView.swift */ = {isa = PBXFileReference; lastKnownFileType = sourcecode.swift; path = HeaderView.swift; sourceTree = "<group>"; };
/* End PBXFileReference section */

/* Begin PBXFrameworksBuildPhase section */
		E9C3C51629DAE30100118119 /* Frameworks */ = {
			isa = PBXFrameworksBuildPhase;
			buildActionMask = 2147483647;
			files = (
			);
			runOnlyForDeploymentPostprocessing = 0;
		};
/* End PBXFrameworksBuildPhase section */

/* Begin PBXGroup section */
		E9C3C51029DAE30100118119 = {
			isa = PBXGroup;
			children = (
				E9C3C51B29DAE30100118119 /* DemoWeatherApp-Swift */,
				E9C3C51A29DAE30100118119 /* Products */,
			);
			sourceTree = "<group>";
		};
		E9C3C51A29DAE30100118119 /* Products */ = {
			isa = PBXGroup;
			children = (
				E9C3C51929DAE30100118119 /* DemoWeatherApp-Swift.app */,
			);
			name = Products;
			sourceTree = "<group>";
		};
		E9C3C51B29DAE30100118119 /* DemoWeatherApp-Swift */ = {
			isa = PBXGroup;
			children = (
				E9C3C53329DAE97D00118119 /* Models */,
				E9C3C53029DAE6F200118119 /* Utils */,
				E9C3C53F29DAEC4300118119 /* Views */,
				E9C3C53B29DAE9D600118119 /* Extensions */,
				E9C3C53629DAE99000118119 /* Managers */,
				E9C3C53E29DAEA6500118119 /* ViewControllers */,
				E9C3C54229DAEFDD00118119 /* Storyboards */,
				E9C3C51C29DAE30100118119 /* AppDelegate.swift */,
				E9C3C51E29DAE30100118119 /* SceneDelegate.swift */,
				E9C3C52529DAE30400118119 /* Assets.xcassets */,
				E9C3C52A29DAE30400118119 /* Info.plist */,
			);
			path = "DemoWeatherApp-Swift";
			sourceTree = "<group>";
		};
		E9C3C53029DAE6F200118119 /* Utils */ = {
			isa = PBXGroup;
			children = (
				E9C3C53129DAE6FE00118119 /* Constants.swift */,
			);
			path = Utils;
			sourceTree = "<group>";
		};
		E9C3C53329DAE97D00118119 /* Models */ = {
			isa = PBXGroup;
			children = (
				E9C3C53429DAE98700118119 /* Weather.swift */,
				E9C3C53729DAE9A700118119 /* Weather+Enums.swift */,
			);
			path = Models;
			sourceTree = "<group>";
		};
		E9C3C53629DAE99000118119 /* Managers */ = {
			isa = PBXGroup;
			children = (
				E9C3C53929DAE9C600118119 /* WeatherRequestManager.swift */,
			);
			path = Managers;
			sourceTree = "<group>";
		};
		E9C3C53B29DAE9D600118119 /* Extensions */ = {
			isa = PBXGroup;
			children = (
				E9C3C53C29DAE9EE00118119 /* Notification+Extension.swift */,
			);
			path = Extensions;
			sourceTree = "<group>";
		};
		E9C3C53E29DAEA6500118119 /* ViewControllers */ = {
			isa = PBXGroup;
			children = (
				E9C3C52029DAE30100118119 /* WeatherViewController.swift */,
			);
			path = ViewControllers;
			sourceTree = "<group>";
		};
		E9C3C53F29DAEC4300118119 /* Views */ = {
			isa = PBXGroup;
			children = (
				E9C3C54029DAEC4E00118119 /* LoadingView.swift */,
				E9C3C54329DAF00100118119 /* HeaderView.swift */,
			);
			path = Views;
			sourceTree = "<group>";
		};
		E9C3C54229DAEFDD00118119 /* Storyboards */ = {
			isa = PBXGroup;
			children = (
				E9C3C52229DAE30100118119 /* Main.storyboard */,
				E9C3C52729DAE30400118119 /* LaunchScreen.storyboard */,
			);
			path = Storyboards;
			sourceTree = "<group>";
		};
/* End PBXGroup section */

/* Begin PBXNativeTarget section */
		E9C3C51829DAE30100118119 /* DemoWeatherApp-Swift */ = {
			isa = PBXNativeTarget;
			buildConfigurationList = E9C3C52D29DAE30400118119 /* Build configuration list for PBXNativeTarget "DemoWeatherApp-Swift" */;
			buildPhases = (
				E9C3C51529DAE30100118119 /* Sources */,
				E9C3C51629DAE30100118119 /* Frameworks */,
				E9C3C51729DAE30100118119 /* Resources */,
			);
			buildRules = (
			);
			dependencies = (
			);
			name = "DemoWeatherApp-Swift";
			productName = "DemoWeatherApp-Swift";
			productReference = E9C3C51929DAE30100118119 /* DemoWeatherApp-Swift.app */;
			productType = "com.apple.product-type.application";
		};
/* End PBXNativeTarget section */

/* Begin PBXProject section */
		E9C3C51129DAE30100118119 /* Project object */ = {
			isa = PBXProject;
			attributes = {
				BuildIndependentTargetsInParallel = 1;
				LastSwiftUpdateCheck = 1420;
				LastUpgradeCheck = 1420;
				TargetAttributes = {
					E9C3C51829DAE30100118119 = {
						CreatedOnToolsVersion = 14.2;
					};
				};
			};
			buildConfigurationList = E9C3C51429DAE30100118119 /* Build configuration list for PBXProject "DemoWeatherApp-Swift" */;
			compatibilityVersion = "Xcode 14.0";
			developmentRegion = en;
			hasScannedForEncodings = 0;
			knownRegions = (
				en,
				Base,
			);
			mainGroup = E9C3C51029DAE30100118119;
			productRefGroup = E9C3C51A29DAE30100118119 /* Products */;
			projectDirPath = "";
			projectRoot = "";
			targets = (
				E9C3C51829DAE30100118119 /* DemoWeatherApp-Swift */,
			);
		};
/* End PBXProject section */

/* Begin PBXResourcesBuildPhase section */
		E9C3C51729DAE30100118119 /* Resources */ = {
			isa = PBXResourcesBuildPhase;
			buildActionMask = 2147483647;
			files = (
				E9C3C52929DAE30400118119 /* LaunchScreen.storyboard in Resources */,
				E9C3C52629DAE30400118119 /* Assets.xcassets in Resources */,
				E9C3C52429DAE30100118119 /* Main.storyboard in Resources */,
			);
			runOnlyForDeploymentPostprocessing = 0;
		};
/* End PBXResourcesBuildPhase section */

/* Begin PBXSourcesBuildPhase section */
		E9C3C51529DAE30100118119 /* Sources */ = {
			isa = PBXSourcesBuildPhase;
			buildActionMask = 2147483647;
			files = (
				E9C3C52129DAE30100118119 /* WeatherViewController.swift in Sources */,
				E9C3C53829DAE9A700118119 /* Weather+Enums.swift in Sources */,
				E9C3C51D29DAE30100118119 /* AppDelegate.swift in Sources */,
				E9C3C51F29DAE30100118119 /* SceneDelegate.swift in Sources */,
				E9C3C53229DAE6FE00118119 /* Constants.swift in Sources */,
				E9C3C54429DAF00100118119 /* HeaderView.swift in Sources */,
				E9C3C53A29DAE9C600118119 /* WeatherRequestManager.swift in Sources */,
				E9C3C53D29DAE9EE00118119 /* Notification+Extension.swift in Sources */,
				E9C3C53529DAE98700118119 /* Weather.swift in Sources */,
				E9C3C54129DAEC4E00118119 /* LoadingView.swift in Sources */,
			);
			runOnlyForDeploymentPostprocessing = 0;
		};
/* End PBXSourcesBuildPhase section */

/* Begin PBXVariantGroup section */
		E9C3C52229DAE30100118119 /* Main.storyboard */ = {
			isa = PBXVariantGroup;
			children = (
				E9C3C52329DAE30100118119 /* Base */,
			);
			name = Main.storyboard;
			sourceTree = "<group>";
		};
		E9C3C52729DAE30400118119 /* LaunchScreen.storyboard */ = {
			isa = PBXVariantGroup;
			children = (
				E9C3C52829DAE30400118119 /* Base */,
			);
			name = LaunchScreen.storyboard;
			sourceTree = "<group>";
		};
/* End PBXVariantGroup section */

/* Begin XCBuildConfiguration section */
		E9C3C52B29DAE30400118119 /* Debug */ = {
			isa = XCBuildConfiguration;
			buildSettings = {
				ALWAYS_SEARCH_USER_PATHS = NO;
				CLANG_ANALYZER_NONNULL = YES;
				CLANG_ANALYZER_NUMBER_OBJECT_CONVERSION = YES_AGGRESSIVE;
				CLANG_CXX_LANGUAGE_STANDARD = "gnu++20";
				CLANG_ENABLE_MODULES = YES;
				CLANG_ENABLE_OBJC_ARC = YES;
				CLANG_ENABLE_OBJC_WEAK = YES;
				CLANG_WARN_BLOCK_CAPTURE_AUTORELEASING = YES;
				CLANG_WARN_BOOL_CONVERSION = YES;
				CLANG_WARN_COMMA = YES;
				CLANG_WARN_CONSTANT_CONVERSION = YES;
				CLANG_WARN_DEPRECATED_OBJC_IMPLEMENTATIONS = YES;
				CLANG_WARN_DIRECT_OBJC_ISA_USAGE = YES_ERROR;
				CLANG_WARN_DOCUMENTATION_COMMENTS = YES;
				CLANG_WARN_EMPTY_BODY = YES;
				CLANG_WARN_ENUM_CONVERSION = YES;
				CLANG_WARN_INFINITE_RECURSION = YES;
				CLANG_WARN_INT_CONVERSION = YES;
				CLANG_WARN_NON_LITERAL_NULL_CONVERSION = YES;
				CLANG_WARN_OBJC_IMPLICIT_RETAIN_SELF = YES;
				CLANG_WARN_OBJC_LITERAL_CONVERSION = YES;
				CLANG_WARN_OBJC_ROOT_CLASS = YES_ERROR;
				CLANG_WARN_QUOTED_INCLUDE_IN_FRAMEWORK_HEADER = YES;
				CLANG_WARN_RANGE_LOOP_ANALYSIS = YES;
				CLANG_WARN_STRICT_PROTOTYPES = YES;
				CLANG_WARN_SUSPICIOUS_MOVE = YES;
				CLANG_WARN_UNGUARDED_AVAILABILITY = YES_AGGRESSIVE;
				CLANG_WARN_UNREACHABLE_CODE = YES;
				CLANG_WARN__DUPLICATE_METHOD_MATCH = YES;
				COPY_PHASE_STRIP = NO;
				DEBUG_INFORMATION_FORMAT = dwarf;
				ENABLE_STRICT_OBJC_MSGSEND = YES;
				ENABLE_TESTABILITY = YES;
				GCC_C_LANGUAGE_STANDARD = gnu11;
				GCC_DYNAMIC_NO_PIC = NO;
				GCC_NO_COMMON_BLOCKS = YES;
				GCC_OPTIMIZATION_LEVEL = 0;
				GCC_PREPROCESSOR_DEFINITIONS = (
					"DEBUG=1",
					"$(inherited)",
				);
				GCC_WARN_64_TO_32_BIT_CONVERSION = YES;
				GCC_WARN_ABOUT_RETURN_TYPE = YES_ERROR;
				GCC_WARN_UNDECLARED_SELECTOR = YES;
				GCC_WARN_UNINITIALIZED_AUTOS = YES_AGGRESSIVE;
				GCC_WARN_UNUSED_FUNCTION = YES;
				GCC_WARN_UNUSED_VARIABLE = YES;
				IPHONEOS_DEPLOYMENT_TARGET = 16.2;
				MTL_ENABLE_DEBUG_INFO = INCLUDE_SOURCE;
				MTL_FAST_MATH = YES;
				ONLY_ACTIVE_ARCH = YES;
				SDKROOT = iphoneos;
				SWIFT_ACTIVE_COMPILATION_CONDITIONS = DEBUG;
				SWIFT_OPTIMIZATION_LEVEL = "-Onone";
			};
			name = Debug;
		};
		E9C3C52C29DAE30400118119 /* Release */ = {
			isa = XCBuildConfiguration;
			buildSettings = {
				ALWAYS_SEARCH_USER_PATHS = NO;
				CLANG_ANALYZER_NONNULL = YES;
				CLANG_ANALYZER_NUMBER_OBJECT_CONVERSION = YES_AGGRESSIVE;
				CLANG_CXX_LANGUAGE_STANDARD = "gnu++20";
				CLANG_ENABLE_MODULES = YES;
				CLANG_ENABLE_OBJC_ARC = YES;
				CLANG_ENABLE_OBJC_WEAK = YES;
				CLANG_WARN_BLOCK_CAPTURE_AUTORELEASING = YES;
				CLANG_WARN_BOOL_CONVERSION = YES;
				CLANG_WARN_COMMA = YES;
				CLANG_WARN_CONSTANT_CONVERSION = YES;
				CLANG_WARN_DEPRECATED_OBJC_IMPLEMENTATIONS = YES;
				CLANG_WARN_DIRECT_OBJC_ISA_USAGE = YES_ERROR;
				CLANG_WARN_DOCUMENTATION_COMMENTS = YES;
				CLANG_WARN_EMPTY_BODY = YES;
				CLANG_WARN_ENUM_CONVERSION = YES;
				CLANG_WARN_INFINITE_RECURSION = YES;
				CLANG_WARN_INT_CONVERSION = YES;
				CLANG_WARN_NON_LITERAL_NULL_CONVERSION = YES;
				CLANG_WARN_OBJC_IMPLICIT_RETAIN_SELF = YES;
				CLANG_WARN_OBJC_LITERAL_CONVERSION = YES;
				CLANG_WARN_OBJC_ROOT_CLASS = YES_ERROR;
				CLANG_WARN_QUOTED_INCLUDE_IN_FRAMEWORK_HEADER = YES;
				CLANG_WARN_RANGE_LOOP_ANALYSIS = YES;
				CLANG_WARN_STRICT_PROTOTYPES = YES;
				CLANG_WARN_SUSPICIOUS_MOVE = YES;
				CLANG_WARN_UNGUARDED_AVAILABILITY = YES_AGGRESSIVE;
				CLANG_WARN_UNREACHABLE_CODE = YES;
				CLANG_WARN__DUPLICATE_METHOD_MATCH = YES;
				COPY_PHASE_STRIP = NO;
				DEBUG_INFORMATION_FORMAT = "dwarf-with-dsym";
				ENABLE_NS_ASSERTIONS = NO;
				ENABLE_STRICT_OBJC_MSGSEND = YES;
				GCC_C_LANGUAGE_STANDARD = gnu11;
				GCC_NO_COMMON_BLOCKS = YES;
				GCC_WARN_64_TO_32_BIT_CONVERSION = YES;
				GCC_WARN_ABOUT_RETURN_TYPE = YES_ERROR;
				GCC_WARN_UNDECLARED_SELECTOR = YES;
				GCC_WARN_UNINITIALIZED_AUTOS = YES_AGGRESSIVE;
				GCC_WARN_UNUSED_FUNCTION = YES;
				GCC_WARN_UNUSED_VARIABLE = YES;
				IPHONEOS_DEPLOYMENT_TARGET = 16.2;
				MTL_ENABLE_DEBUG_INFO = NO;
				MTL_FAST_MATH = YES;
				SDKROOT = iphoneos;
				SWIFT_COMPILATION_MODE = wholemodule;
				SWIFT_OPTIMIZATION_LEVEL = "-O";
				VALIDATE_PRODUCT = YES;
			};
			name = Release;
		};
		E9C3C52E29DAE30400118119 /* Debug */ = {
			isa = XCBuildConfiguration;
			buildSettings = {
				ASSETCATALOG_COMPILER_APPICON_NAME = AppIcon;
				ASSETCATALOG_COMPILER_GLOBAL_ACCENT_COLOR_NAME = AccentColor;
				CODE_SIGN_STYLE = Automatic;
				CURRENT_PROJECT_VERSION = 1;
				DEVELOPMENT_TEAM = JZW9GTFBSF;
				GENERATE_INFOPLIST_FILE = YES;
				INFOPLIST_FILE = "DemoWeatherApp-Swift/Info.plist";
				INFOPLIST_KEY_CFBundleDisplayName = Weather;
				INFOPLIST_KEY_LSApplicationCategoryType = "public.app-category.utilities";
				INFOPLIST_KEY_UIApplicationSupportsIndirectInputEvents = YES;
				INFOPLIST_KEY_UILaunchStoryboardName = LaunchScreen;
				INFOPLIST_KEY_UIMainStoryboardFile = Main;
				INFOPLIST_KEY_UISupportedInterfaceOrientations_iPad = "UIInterfaceOrientationPortrait UIInterfaceOrientationPortraitUpsideDown UIInterfaceOrientationLandscapeLeft UIInterfaceOrientationLandscapeRight";
				INFOPLIST_KEY_UISupportedInterfaceOrientations_iPhone = "UIInterfaceOrientationPortrait UIInterfaceOrientationLandscapeLeft UIInterfaceOrientationLandscapeRight";
				LD_RUNPATH_SEARCH_PATHS = (
					"$(inherited)",
					"@executable_path/Frameworks",
				);
				MARKETING_VERSION = 1.0;
				PRODUCT_BUNDLE_IDENTIFIER = "com.pavel.DemoWeatherApp-Swift";
				PRODUCT_NAME = "$(TARGET_NAME)";
				SWIFT_EMIT_LOC_STRINGS = YES;
				SWIFT_VERSION = 5.0;
				TARGETED_DEVICE_FAMILY = "1,2";
			};
			name = Debug;
		};
		E9C3C52F29DAE30400118119 /* Release */ = {
			isa = XCBuildConfiguration;
			buildSettings = {
				ASSETCATALOG_COMPILER_APPICON_NAME = AppIcon;
				ASSETCATALOG_COMPILER_GLOBAL_ACCENT_COLOR_NAME = AccentColor;
				CODE_SIGN_STYLE = Automatic;
				CURRENT_PROJECT_VERSION = 1;
				DEVELOPMENT_TEAM = JZW9GTFBSF;
				GENERATE_INFOPLIST_FILE = YES;
				INFOPLIST_FILE = "DemoWeatherApp-Swift/Info.plist";
				INFOPLIST_KEY_CFBundleDisplayName = Weather;
				INFOPLIST_KEY_LSApplicationCategoryType = "public.app-category.utilities";
				INFOPLIST_KEY_UIApplicationSupportsIndirectInputEvents = YES;
				INFOPLIST_KEY_UILaunchStoryboardName = LaunchScreen;
				INFOPLIST_KEY_UIMainStoryboardFile = Main;
				INFOPLIST_KEY_UISupportedInterfaceOrientations_iPad = "UIInterfaceOrientationPortrait UIInterfaceOrientationPortraitUpsideDown UIInterfaceOrientationLandscapeLeft UIInterfaceOrientationLandscapeRight";
				INFOPLIST_KEY_UISupportedInterfaceOrientations_iPhone = "UIInterfaceOrientationPortrait UIInterfaceOrientationLandscapeLeft UIInterfaceOrientationLandscapeRight";
				LD_RUNPATH_SEARCH_PATHS = (
					"$(inherited)",
					"@executable_path/Frameworks",
				);
				MARKETING_VERSION = 1.0;
				PRODUCT_BUNDLE_IDENTIFIER = "com.pavel.DemoWeatherApp-Swift";
				PRODUCT_NAME = "$(TARGET_NAME)";
				SWIFT_EMIT_LOC_STRINGS = YES;
				SWIFT_VERSION = 5.0;
				TARGETED_DEVICE_FAMILY = "1,2";
			};
			name = Release;
		};
/* End XCBuildConfiguration section */

/* Begin XCConfigurationList section */
		E9C3C51429DAE30100118119 /* Build configuration list for PBXProject "DemoWeatherApp-Swift" */ = {
			isa = XCConfigurationList;
			buildConfigurations = (
				E9C3C52B29DAE30400118119 /* Debug */,
				E9C3C52C29DAE30400118119 /* Release */,
			);
			defaultConfigurationIsVisible = 0;
			defaultConfigurationName = Release;
		};
		E9C3C52D29DAE30400118119 /* Build configuration list for PBXNativeTarget "DemoWeatherApp-Swift" */ = {
			isa = XCConfigurationList;
			buildConfigurations = (
				E9C3C52E29DAE30400118119 /* Debug */,
				E9C3C52F29DAE30400118119 /* Release */,
			);
			defaultConfigurationIsVisible = 0;
			defaultConfigurationName = Release;
		};
/* End XCConfigurationList section */
	};
	rootObject = E9C3C51129DAE30100118119 /* Project object */;
}
